// !$*UTF8*$!
{
	archiveVersion = 1;
	classes = {
	};
	objectVersion = 56;
	objects = {

/* Begin PBXBuildFile section */
		AE76950C28FE2548007E51DA /* AppDelegate.swift in Sources */ = {isa = PBXBuildFile; fileRef = AE76950B28FE2548007E51DA /* AppDelegate.swift */; };
		AE76950E28FE2548007E51DA /* SceneDelegate.swift in Sources */ = {isa = PBXBuildFile; fileRef = AE76950D28FE2548007E51DA /* SceneDelegate.swift */; };
		AE76951028FE2548007E51DA /* SimpleTableViewController.swift in Sources */ = {isa = PBXBuildFile; fileRef = AE76950F28FE2548007E51DA /* SimpleTableViewController.swift */; };
		AE76951328FE2548007E51DA /* Main.storyboard in Resources */ = {isa = PBXBuildFile; fileRef = AE76951128FE2548007E51DA /* Main.storyboard */; };
		AE76951528FE254A007E51DA /* Assets.xcassets in Resources */ = {isa = PBXBuildFile; fileRef = AE76951428FE254A007E51DA /* Assets.xcassets */; };
		AE76951828FE254A007E51DA /* LaunchScreen.storyboard in Resources */ = {isa = PBXBuildFile; fileRef = AE76951628FE254A007E51DA /* LaunchScreen.storyboard */; };
		AE76952028FE38E5007E51DA /* SimpleCollectionViewController.swift in Sources */ = {isa = PBXBuildFile; fileRef = AE76951F28FE38E4007E51DA /* SimpleCollectionViewController.swift */; };
		AE76952628FF900E007E51DA /* DiffableViewController.swift in Sources */ = {isa = PBXBuildFile; fileRef = AE76952528FF900E007E51DA /* DiffableViewController.swift */; };
		AE9D2D4B2900CF8900043D8B /* CObservable.swift in Sources */ = {isa = PBXBuildFile; fileRef = AE9D2D4A2900CF8900043D8B /* CObservable.swift */; };
		AE9D2D4D2900D13800043D8B /* NewsViewController.swift in Sources */ = {isa = PBXBuildFile; fileRef = AE9D2D4C2900D13800043D8B /* NewsViewController.swift */; };
		AE9D2D4F2900D24800043D8B /* NewsViewModel.swift in Sources */ = {isa = PBXBuildFile; fileRef = AE9D2D4E2900D24800043D8B /* NewsViewModel.swift */; };
		AE9D2D512900D77C00043D8B /* News.swift in Sources */ = {isa = PBXBuildFile; fileRef = AE9D2D502900D77C00043D8B /* News.swift */; };
		AE9D2D532900DAA100043D8B /* .gitignore in Resources */ = {isa = PBXBuildFile; fileRef = AE9D2D522900DAA100043D8B /* .gitignore */; };
		AE9D2D552900EB8700043D8B /* APIKey.swift in Sources */ = {isa = PBXBuildFile; fileRef = AE9D2D542900EB8700043D8B /* APIKey.swift */; };
		AE9D2D582900ED9F00043D8B /* DiffableViewModel.swift in Sources */ = {isa = PBXBuildFile; fileRef = AE9D2D572900ED9F00043D8B /* DiffableViewModel.swift */; };
		AE9D2D5A2900EDEB00043D8B /* APIService.swift in Sources */ = {isa = PBXBuildFile; fileRef = AE9D2D592900EDEB00043D8B /* APIService.swift */; };
		AE9D2D5C2900EF7300043D8B /* SearchPhoto.swift in Sources */ = {isa = PBXBuildFile; fileRef = AE9D2D5B2900EF7300043D8B /* SearchPhoto.swift */; };
		AE9D2D5F2900F10400043D8B /* Alamofire in Frameworks */ = {isa = PBXBuildFile; productRef = AE9D2D5E2900F10400043D8B /* Alamofire */; };
		AE9D2D622900F11100043D8B /* Kingfisher in Frameworks */ = {isa = PBXBuildFile; productRef = AE9D2D612900F11100043D8B /* Kingfisher */; };
		AE9D2DA2290622BE00043D8B /* RxCocoa in Frameworks */ = {isa = PBXBuildFile; productRef = AE9D2DA1290622BE00043D8B /* RxCocoa */; };
		AE9D2DA4290622BE00043D8B /* RxSwift in Frameworks */ = {isa = PBXBuildFile; productRef = AE9D2DA3290622BE00043D8B /* RxSwift */; };
		AE9D2DA7290625B300043D8B /* RxCocoaExampleVC.swift in Sources */ = {isa = PBXBuildFile; fileRef = AE9D2DA6290625B300043D8B /* RxCocoaExampleVC.swift */; };
/* End PBXBuildFile section */

/* Begin PBXFileReference section */
		AE76950828FE2548007E51DA /* SeSACWeek1617.app */ = {isa = PBXFileReference; explicitFileType = wrapper.application; includeInIndex = 0; path = SeSACWeek1617.app; sourceTree = BUILT_PRODUCTS_DIR; };
		AE76950B28FE2548007E51DA /* AppDelegate.swift */ = {isa = PBXFileReference; lastKnownFileType = sourcecode.swift; path = AppDelegate.swift; sourceTree = "<group>"; };
		AE76950D28FE2548007E51DA /* SceneDelegate.swift */ = {isa = PBXFileReference; lastKnownFileType = sourcecode.swift; path = SceneDelegate.swift; sourceTree = "<group>"; };
		AE76950F28FE2548007E51DA /* SimpleTableViewController.swift */ = {isa = PBXFileReference; lastKnownFileType = sourcecode.swift; path = SimpleTableViewController.swift; sourceTree = "<group>"; };
		AE76951228FE2548007E51DA /* Base */ = {isa = PBXFileReference; lastKnownFileType = file.storyboard; name = Base; path = Base.lproj/Main.storyboard; sourceTree = "<group>"; };
		AE76951428FE254A007E51DA /* Assets.xcassets */ = {isa = PBXFileReference; lastKnownFileType = folder.assetcatalog; path = Assets.xcassets; sourceTree = "<group>"; };
		AE76951728FE254A007E51DA /* Base */ = {isa = PBXFileReference; lastKnownFileType = file.storyboard; name = Base; path = Base.lproj/LaunchScreen.storyboard; sourceTree = "<group>"; };
		AE76951928FE254A007E51DA /* Info.plist */ = {isa = PBXFileReference; lastKnownFileType = text.plist.xml; path = Info.plist; sourceTree = "<group>"; };
		AE76951F28FE38E4007E51DA /* SimpleCollectionViewController.swift */ = {isa = PBXFileReference; lastKnownFileType = sourcecode.swift; path = SimpleCollectionViewController.swift; sourceTree = "<group>"; };
		AE76952528FF900E007E51DA /* DiffableViewController.swift */ = {isa = PBXFileReference; lastKnownFileType = sourcecode.swift; path = DiffableViewController.swift; sourceTree = "<group>"; };
		AE9D2D4A2900CF8900043D8B /* CObservable.swift */ = {isa = PBXFileReference; lastKnownFileType = sourcecode.swift; path = CObservable.swift; sourceTree = "<group>"; };
		AE9D2D4C2900D13800043D8B /* NewsViewController.swift */ = {isa = PBXFileReference; lastKnownFileType = sourcecode.swift; path = NewsViewController.swift; sourceTree = "<group>"; };
		AE9D2D4E2900D24800043D8B /* NewsViewModel.swift */ = {isa = PBXFileReference; lastKnownFileType = sourcecode.swift; path = NewsViewModel.swift; sourceTree = "<group>"; };
		AE9D2D502900D77C00043D8B /* News.swift */ = {isa = PBXFileReference; lastKnownFileType = sourcecode.swift; path = News.swift; sourceTree = "<group>"; };
		AE9D2D522900DAA100043D8B /* .gitignore */ = {isa = PBXFileReference; lastKnownFileType = text; path = .gitignore; sourceTree = "<group>"; };
		AE9D2D542900EB8700043D8B /* APIKey.swift */ = {isa = PBXFileReference; lastKnownFileType = sourcecode.swift; path = APIKey.swift; sourceTree = "<group>"; };
		AE9D2D572900ED9F00043D8B /* DiffableViewModel.swift */ = {isa = PBXFileReference; lastKnownFileType = sourcecode.swift; path = DiffableViewModel.swift; sourceTree = "<group>"; };
		AE9D2D592900EDEB00043D8B /* APIService.swift */ = {isa = PBXFileReference; lastKnownFileType = sourcecode.swift; path = APIService.swift; sourceTree = "<group>"; };
		AE9D2D5B2900EF7300043D8B /* SearchPhoto.swift */ = {isa = PBXFileReference; lastKnownFileType = sourcecode.swift; path = SearchPhoto.swift; sourceTree = "<group>"; };
		AE9D2DA6290625B300043D8B /* RxCocoaExampleVC.swift */ = {isa = PBXFileReference; lastKnownFileType = sourcecode.swift; path = RxCocoaExampleVC.swift; sourceTree = "<group>"; };
/* End PBXFileReference section */

/* Begin PBXFrameworksBuildPhase section */
		AE76950528FE2548007E51DA /* Frameworks */ = {
			isa = PBXFrameworksBuildPhase;
			buildActionMask = 2147483647;
			files = (
				AE9D2DA2290622BE00043D8B /* RxCocoa in Frameworks */,
				AE9D2D622900F11100043D8B /* Kingfisher in Frameworks */,
				AE9D2DA4290622BE00043D8B /* RxSwift in Frameworks */,
				AE9D2D5F2900F10400043D8B /* Alamofire in Frameworks */,
			);
			runOnlyForDeploymentPostprocessing = 0;
		};
/* End PBXFrameworksBuildPhase section */

/* Begin PBXGroup section */
		AE7694FF28FE2548007E51DA = {
			isa = PBXGroup;
			children = (
				AE9D2D522900DAA100043D8B /* .gitignore */,
				AE76950A28FE2548007E51DA /* SeSACWeek1617 */,
				AE76950928FE2548007E51DA /* Products */,
			);
			sourceTree = "<group>";
		};
		AE76950928FE2548007E51DA /* Products */ = {
			isa = PBXGroup;
			children = (
				AE76950828FE2548007E51DA /* SeSACWeek1617.app */,
			);
			name = Products;
			sourceTree = "<group>";
		};
		AE76950A28FE2548007E51DA /* SeSACWeek1617 */ = {
			isa = PBXGroup;
			children = (
				AE9D2DA52906259D00043D8B /* Rx */,
				AE9D2D562900ED6400043D8B /* DiffableViewModel */,
				AE76950B28FE2548007E51DA /* AppDelegate.swift */,
				AE76950D28FE2548007E51DA /* SceneDelegate.swift */,
				AE76950F28FE2548007E51DA /* SimpleTableViewController.swift */,
				AE76951F28FE38E4007E51DA /* SimpleCollectionViewController.swift */,
				AE76951128FE2548007E51DA /* Main.storyboard */,
				AE76951428FE254A007E51DA /* Assets.xcassets */,
				AE76951628FE254A007E51DA /* LaunchScreen.storyboard */,
				AE76951928FE254A007E51DA /* Info.plist */,
				AE9D2D492900CDBF00043D8B /* MVVM */,
			);
			path = SeSACWeek1617;
			sourceTree = "<group>";
		};
		AE9D2D492900CDBF00043D8B /* MVVM */ = {
			isa = PBXGroup;
			children = (
				AE9D2D4A2900CF8900043D8B /* CObservable.swift */,
				AE9D2D4C2900D13800043D8B /* NewsViewController.swift */,
				AE9D2D4E2900D24800043D8B /* NewsViewModel.swift */,
				AE9D2D502900D77C00043D8B /* News.swift */,
			);
			path = MVVM;
			sourceTree = "<group>";
		};
		AE9D2D562900ED6400043D8B /* DiffableViewModel */ = {
			isa = PBXGroup;
			children = (
				AE76952528FF900E007E51DA /* DiffableViewController.swift */,
				AE9D2D572900ED9F00043D8B /* DiffableViewModel.swift */,
				AE9D2D592900EDEB00043D8B /* APIService.swift */,
				AE9D2D542900EB8700043D8B /* APIKey.swift */,
				AE9D2D5B2900EF7300043D8B /* SearchPhoto.swift */,
			);
			path = DiffableViewModel;
			sourceTree = "<group>";
		};
		AE9D2DA52906259D00043D8B /* Rx */ = {
			isa = PBXGroup;
			children = (
				AE9D2DA6290625B300043D8B /* RxCocoaExampleVC.swift */,
			);
			name = Rx;
			sourceTree = "<group>";
		};
/* End PBXGroup section */

/* Begin PBXNativeTarget section */
		AE76950728FE2548007E51DA /* SeSACWeek1617 */ = {
			isa = PBXNativeTarget;
			buildConfigurationList = AE76951C28FE254A007E51DA /* Build configuration list for PBXNativeTarget "SeSACWeek1617" */;
			buildPhases = (
				AE76950428FE2548007E51DA /* Sources */,
				AE76950528FE2548007E51DA /* Frameworks */,
				AE76950628FE2548007E51DA /* Resources */,
			);
			buildRules = (
			);
			dependencies = (
			);
			name = SeSACWeek1617;
			packageProductDependencies = (
				AE9D2D5E2900F10400043D8B /* Alamofire */,
				AE9D2D612900F11100043D8B /* Kingfisher */,
				AE9D2DA1290622BE00043D8B /* RxCocoa */,
				AE9D2DA3290622BE00043D8B /* RxSwift */,
			);
			productName = SeSACWeek1617;
			productReference = AE76950828FE2548007E51DA /* SeSACWeek1617.app */;
			productType = "com.apple.product-type.application";
		};
/* End PBXNativeTarget section */

/* Begin PBXProject section */
		AE76950028FE2548007E51DA /* Project object */ = {
			isa = PBXProject;
			attributes = {
				BuildIndependentTargetsInParallel = 1;
				LastSwiftUpdateCheck = 1400;
				LastUpgradeCheck = 1400;
				TargetAttributes = {
					AE76950728FE2548007E51DA = {
						CreatedOnToolsVersion = 14.0.1;
					};
				};
			};
			buildConfigurationList = AE76950328FE2548007E51DA /* Build configuration list for PBXProject "SeSACWeek1617" */;
			compatibilityVersion = "Xcode 14.0";
			developmentRegion = en;
			hasScannedForEncodings = 0;
			knownRegions = (
				en,
				Base,
			);
			mainGroup = AE7694FF28FE2548007E51DA;
			packageReferences = (
				AE9D2D5D2900F10400043D8B /* XCRemoteSwiftPackageReference "Alamofire" */,
				AE9D2D602900F11100043D8B /* XCRemoteSwiftPackageReference "Kingfisher" */,
				AE9D2DA0290622BE00043D8B /* XCRemoteSwiftPackageReference "RxSwift" */,
			);
			productRefGroup = AE76950928FE2548007E51DA /* Products */;
			projectDirPath = "";
			projectRoot = "";
			targets = (
				AE76950728FE2548007E51DA /* SeSACWeek1617 */,
			);
		};
/* End PBXProject section */

/* Begin PBXResourcesBuildPhase section */
		AE76950628FE2548007E51DA /* Resources */ = {
			isa = PBXResourcesBuildPhase;
			buildActionMask = 2147483647;
			files = (
				AE9D2D532900DAA100043D8B /* .gitignore in Resources */,
				AE76951828FE254A007E51DA /* LaunchScreen.storyboard in Resources */,
				AE76951528FE254A007E51DA /* Assets.xcassets in Resources */,
				AE76951328FE2548007E51DA /* Main.storyboard in Resources */,
			);
			runOnlyForDeploymentPostprocessing = 0;
		};
/* End PBXResourcesBuildPhase section */

/* Begin PBXSourcesBuildPhase section */
		AE76950428FE2548007E51DA /* Sources */ = {
			isa = PBXSourcesBuildPhase;
			buildActionMask = 2147483647;
			files = (
				AE76951028FE2548007E51DA /* SimpleTableViewController.swift in Sources */,
				AE9D2D4F2900D24800043D8B /* NewsViewModel.swift in Sources */,
				AE9D2D4B2900CF8900043D8B /* CObservable.swift in Sources */,
				AE76950C28FE2548007E51DA /* AppDelegate.swift in Sources */,
				AE76952028FE38E5007E51DA /* SimpleCollectionViewController.swift in Sources */,
				AE9D2DA7290625B300043D8B /* RxCocoaExampleVC.swift in Sources */,
				AE76952628FF900E007E51DA /* DiffableViewController.swift in Sources */,
				AE9D2D5C2900EF7300043D8B /* SearchPhoto.swift in Sources */,
				AE9D2D552900EB8700043D8B /* APIKey.swift in Sources */,
				AE9D2D582900ED9F00043D8B /* DiffableViewModel.swift in Sources */,
				AE76950E28FE2548007E51DA /* SceneDelegate.swift in Sources */,
				AE9D2D5A2900EDEB00043D8B /* APIService.swift in Sources */,
				AE9D2D512900D77C00043D8B /* News.swift in Sources */,
				AE9D2D4D2900D13800043D8B /* NewsViewController.swift in Sources */,
			);
			runOnlyForDeploymentPostprocessing = 0;
		};
/* End PBXSourcesBuildPhase section */

/* Begin PBXVariantGroup section */
		AE76951128FE2548007E51DA /* Main.storyboard */ = {
			isa = PBXVariantGroup;
			children = (
				AE76951228FE2548007E51DA /* Base */,
			);
			name = Main.storyboard;
			sourceTree = "<group>";
		};
		AE76951628FE254A007E51DA /* LaunchScreen.storyboard */ = {
			isa = PBXVariantGroup;
			children = (
				AE76951728FE254A007E51DA /* Base */,
			);
			name = LaunchScreen.storyboard;
			sourceTree = "<group>";
		};
/* End PBXVariantGroup section */

/* Begin XCBuildConfiguration section */
		AE76951A28FE254A007E51DA /* Debug */ = {
			isa = XCBuildConfiguration;
			buildSettings = {
				ALWAYS_SEARCH_USER_PATHS = NO;
				CLANG_ANALYZER_NONNULL = YES;
				CLANG_ANALYZER_NUMBER_OBJECT_CONVERSION = YES_AGGRESSIVE;
				CLANG_CXX_LANGUAGE_STANDARD = "gnu++20";
				CLANG_ENABLE_MODULES = YES;
				CLANG_ENABLE_OBJC_ARC = YES;
				CLANG_ENABLE_OBJC_WEAK = YES;
				CLANG_WARN_BLOCK_CAPTURE_AUTORELEASING = YES;
				CLANG_WARN_BOOL_CONVERSION = YES;
				CLANG_WARN_COMMA = YES;
				CLANG_WARN_CONSTANT_CONVERSION = YES;
				CLANG_WARN_DEPRECATED_OBJC_IMPLEMENTATIONS = YES;
				CLANG_WARN_DIRECT_OBJC_ISA_USAGE = YES_ERROR;
				CLANG_WARN_DOCUMENTATION_COMMENTS = YES;
				CLANG_WARN_EMPTY_BODY = YES;
				CLANG_WARN_ENUM_CONVERSION = YES;
				CLANG_WARN_INFINITE_RECURSION = YES;
				CLANG_WARN_INT_CONVERSION = YES;
				CLANG_WARN_NON_LITERAL_NULL_CONVERSION = YES;
				CLANG_WARN_OBJC_IMPLICIT_RETAIN_SELF = YES;
				CLANG_WARN_OBJC_LITERAL_CONVERSION = YES;
				CLANG_WARN_OBJC_ROOT_CLASS = YES_ERROR;
				CLANG_WARN_QUOTED_INCLUDE_IN_FRAMEWORK_HEADER = YES;
				CLANG_WARN_RANGE_LOOP_ANALYSIS = YES;
				CLANG_WARN_STRICT_PROTOTYPES = YES;
				CLANG_WARN_SUSPICIOUS_MOVE = YES;
				CLANG_WARN_UNGUARDED_AVAILABILITY = YES_AGGRESSIVE;
				CLANG_WARN_UNREACHABLE_CODE = YES;
				CLANG_WARN__DUPLICATE_METHOD_MATCH = YES;
				COPY_PHASE_STRIP = NO;
				DEBUG_INFORMATION_FORMAT = dwarf;
				ENABLE_STRICT_OBJC_MSGSEND = YES;
				ENABLE_TESTABILITY = YES;
				GCC_C_LANGUAGE_STANDARD = gnu11;
				GCC_DYNAMIC_NO_PIC = NO;
				GCC_NO_COMMON_BLOCKS = YES;
				GCC_OPTIMIZATION_LEVEL = 0;
				GCC_PREPROCESSOR_DEFINITIONS = (
					"DEBUG=1",
					"$(inherited)",
				);
				GCC_WARN_64_TO_32_BIT_CONVERSION = YES;
				GCC_WARN_ABOUT_RETURN_TYPE = YES_ERROR;
				GCC_WARN_UNDECLARED_SELECTOR = YES;
				GCC_WARN_UNINITIALIZED_AUTOS = YES_AGGRESSIVE;
				GCC_WARN_UNUSED_FUNCTION = YES;
				GCC_WARN_UNUSED_VARIABLE = YES;
				IPHONEOS_DEPLOYMENT_TARGET = 16.0;
				MTL_ENABLE_DEBUG_INFO = INCLUDE_SOURCE;
				MTL_FAST_MATH = YES;
				ONLY_ACTIVE_ARCH = YES;
				SDKROOT = iphoneos;
				SWIFT_ACTIVE_COMPILATION_CONDITIONS = DEBUG;
				SWIFT_OPTIMIZATION_LEVEL = "-Onone";
			};
			name = Debug;
		};
		AE76951B28FE254A007E51DA /* Release */ = {
			isa = XCBuildConfiguration;
			buildSettings = {
				ALWAYS_SEARCH_USER_PATHS = NO;
				CLANG_ANALYZER_NONNULL = YES;
				CLANG_ANALYZER_NUMBER_OBJECT_CONVERSION = YES_AGGRESSIVE;
				CLANG_CXX_LANGUAGE_STANDARD = "gnu++20";
				CLANG_ENABLE_MODULES = YES;
				CLANG_ENABLE_OBJC_ARC = YES;
				CLANG_ENABLE_OBJC_WEAK = YES;
				CLANG_WARN_BLOCK_CAPTURE_AUTORELEASING = YES;
				CLANG_WARN_BOOL_CONVERSION = YES;
				CLANG_WARN_COMMA = YES;
				CLANG_WARN_CONSTANT_CONVERSION = YES;
				CLANG_WARN_DEPRECATED_OBJC_IMPLEMENTATIONS = YES;
				CLANG_WARN_DIRECT_OBJC_ISA_USAGE = YES_ERROR;
				CLANG_WARN_DOCUMENTATION_COMMENTS = YES;
				CLANG_WARN_EMPTY_BODY = YES;
				CLANG_WARN_ENUM_CONVERSION = YES;
				CLANG_WARN_INFINITE_RECURSION = YES;
				CLANG_WARN_INT_CONVERSION = YES;
				CLANG_WARN_NON_LITERAL_NULL_CONVERSION = YES;
				CLANG_WARN_OBJC_IMPLICIT_RETAIN_SELF = YES;
				CLANG_WARN_OBJC_LITERAL_CONVERSION = YES;
				CLANG_WARN_OBJC_ROOT_CLASS = YES_ERROR;
				CLANG_WARN_QUOTED_INCLUDE_IN_FRAMEWORK_HEADER = YES;
				CLANG_WARN_RANGE_LOOP_ANALYSIS = YES;
				CLANG_WARN_STRICT_PROTOTYPES = YES;
				CLANG_WARN_SUSPICIOUS_MOVE = YES;
				CLANG_WARN_UNGUARDED_AVAILABILITY = YES_AGGRESSIVE;
				CLANG_WARN_UNREACHABLE_CODE = YES;
				CLANG_WARN__DUPLICATE_METHOD_MATCH = YES;
				COPY_PHASE_STRIP = NO;
				DEBUG_INFORMATION_FORMAT = "dwarf-with-dsym";
				ENABLE_NS_ASSERTIONS = NO;
				ENABLE_STRICT_OBJC_MSGSEND = YES;
				GCC_C_LANGUAGE_STANDARD = gnu11;
				GCC_NO_COMMON_BLOCKS = YES;
				GCC_WARN_64_TO_32_BIT_CONVERSION = YES;
				GCC_WARN_ABOUT_RETURN_TYPE = YES_ERROR;
				GCC_WARN_UNDECLARED_SELECTOR = YES;
				GCC_WARN_UNINITIALIZED_AUTOS = YES_AGGRESSIVE;
				GCC_WARN_UNUSED_FUNCTION = YES;
				GCC_WARN_UNUSED_VARIABLE = YES;
				IPHONEOS_DEPLOYMENT_TARGET = 16.0;
				MTL_ENABLE_DEBUG_INFO = NO;
				MTL_FAST_MATH = YES;
				SDKROOT = iphoneos;
				SWIFT_COMPILATION_MODE = wholemodule;
				SWIFT_OPTIMIZATION_LEVEL = "-O";
				VALIDATE_PRODUCT = YES;
			};
			name = Release;
		};
		AE76951D28FE254A007E51DA /* Debug */ = {
			isa = XCBuildConfiguration;
			buildSettings = {
				ASSETCATALOG_COMPILER_APPICON_NAME = AppIcon;
				ASSETCATALOG_COMPILER_GLOBAL_ACCENT_COLOR_NAME = AccentColor;
				CODE_SIGN_STYLE = Automatic;
				CURRENT_PROJECT_VERSION = 1;
				DEVELOPMENT_TEAM = 7HN73WS8Q5;
				GENERATE_INFOPLIST_FILE = YES;
				INFOPLIST_FILE = SeSACWeek1617/Info.plist;
				INFOPLIST_KEY_UIApplicationSupportsIndirectInputEvents = YES;
				INFOPLIST_KEY_UILaunchStoryboardName = LaunchScreen;
				INFOPLIST_KEY_UIMainStoryboardFile = Main;
				INFOPLIST_KEY_UISupportedInterfaceOrientations = UIInterfaceOrientationPortrait;
				INFOPLIST_KEY_UISupportedInterfaceOrientations_iPad = "UIInterfaceOrientationLandscapeLeft UIInterfaceOrientationLandscapeRight UIInterfaceOrientationPortrait UIInterfaceOrientationPortraitUpsideDown";
				LD_RUNPATH_SEARCH_PATHS = (
					"$(inherited)",
					"@executable_path/Frameworks",
				);
				MARKETING_VERSION = 1.0;
				PRODUCT_BUNDLE_IDENTIFIER = yeojin.SeSAC.SeSACWeek1617;
				PRODUCT_NAME = "$(TARGET_NAME)";
				SUPPORTED_PLATFORMS = "iphoneos iphonesimulator";
				SUPPORTS_MACCATALYST = NO;
				SUPPORTS_MAC_DESIGNED_FOR_IPHONE_IPAD = NO;
				SWIFT_EMIT_LOC_STRINGS = YES;
				SWIFT_VERSION = 5.0;
				TARGETED_DEVICE_FAMILY = 1;
			};
			name = Debug;
		};
		AE76951E28FE254A007E51DA /* Release */ = {
			isa = XCBuildConfiguration;
			buildSettings = {
				ASSETCATALOG_COMPILER_APPICON_NAME = AppIcon;
				ASSETCATALOG_COMPILER_GLOBAL_ACCENT_COLOR_NAME = AccentColor;
				CODE_SIGN_STYLE = Automatic;
				CURRENT_PROJECT_VERSION = 1;
				DEVELOPMENT_TEAM = 7HN73WS8Q5;
				GENERATE_INFOPLIST_FILE = YES;
				INFOPLIST_FILE = SeSACWeek1617/Info.plist;
				INFOPLIST_KEY_UIApplicationSupportsIndirectInputEvents = YES;
				INFOPLIST_KEY_UILaunchStoryboardName = LaunchScreen;
				INFOPLIST_KEY_UIMainStoryboardFile = Main;
				INFOPLIST_KEY_UISupportedInterfaceOrientations = UIInterfaceOrientationPortrait;
				INFOPLIST_KEY_UISupportedInterfaceOrientations_iPad = "UIInterfaceOrientationLandscapeLeft UIInterfaceOrientationLandscapeRight UIInterfaceOrientationPortrait UIInterfaceOrientationPortraitUpsideDown";
				LD_RUNPATH_SEARCH_PATHS = (
					"$(inherited)",
					"@executable_path/Frameworks",
				);
				MARKETING_VERSION = 1.0;
				PRODUCT_BUNDLE_IDENTIFIER = yeojin.SeSAC.SeSACWeek1617;
				PRODUCT_NAME = "$(TARGET_NAME)";
				SUPPORTED_PLATFORMS = "iphoneos iphonesimulator";
				SUPPORTS_MACCATALYST = NO;
				SUPPORTS_MAC_DESIGNED_FOR_IPHONE_IPAD = NO;
				SWIFT_EMIT_LOC_STRINGS = YES;
				SWIFT_VERSION = 5.0;
				TARGETED_DEVICE_FAMILY = 1;
			};
			name = Release;
		};
/* End XCBuildConfiguration section */

/* Begin XCConfigurationList section */
		AE76950328FE2548007E51DA /* Build configuration list for PBXProject "SeSACWeek1617" */ = {
			isa = XCConfigurationList;
			buildConfigurations = (
				AE76951A28FE254A007E51DA /* Debug */,
				AE76951B28FE254A007E51DA /* Release */,
			);
			defaultConfigurationIsVisible = 0;
			defaultConfigurationName = Release;
		};
		AE76951C28FE254A007E51DA /* Build configuration list for PBXNativeTarget "SeSACWeek1617" */ = {
			isa = XCConfigurationList;
			buildConfigurations = (
				AE76951D28FE254A007E51DA /* Debug */,
				AE76951E28FE254A007E51DA /* Release */,
			);
			defaultConfigurationIsVisible = 0;
			defaultConfigurationName = Release;
		};
/* End XCConfigurationList section */

/* Begin XCRemoteSwiftPackageReference section */
		AE9D2D5D2900F10400043D8B /* XCRemoteSwiftPackageReference "Alamofire" */ = {
			isa = XCRemoteSwiftPackageReference;
			repositoryURL = "https://github.com/Alamofire/Alamofire.git";
			requirement = {
				kind = upToNextMajorVersion;
				minimumVersion = 5.0.0;
			};
		};
		AE9D2D602900F11100043D8B /* XCRemoteSwiftPackageReference "Kingfisher" */ = {
			isa = XCRemoteSwiftPackageReference;
			repositoryURL = "https://github.com/onevcat/Kingfisher";
			requirement = {
				kind = upToNextMajorVersion;
				minimumVersion = 7.0.0;
			};
		};
		AE9D2DA0290622BE00043D8B /* XCRemoteSwiftPackageReference "RxSwift" */ = {
			isa = XCRemoteSwiftPackageReference;
			repositoryURL = "https://github.com/ReactiveX/RxSwift.git";
			requirement = {
				kind = upToNextMajorVersion;
				minimumVersion = 6.0.0;
			};
		};
/* End XCRemoteSwiftPackageReference section */

/* Begin XCSwiftPackageProductDependency section */
		AE9D2D5E2900F10400043D8B /* Alamofire */ = {
			isa = XCSwiftPackageProductDependency;
			package = AE9D2D5D2900F10400043D8B /* XCRemoteSwiftPackageReference "Alamofire" */;
			productName = Alamofire;
		};
		AE9D2D612900F11100043D8B /* Kingfisher */ = {
			isa = XCSwiftPackageProductDependency;
			package = AE9D2D602900F11100043D8B /* XCRemoteSwiftPackageReference "Kingfisher" */;
			productName = Kingfisher;
		};
		AE9D2DA1290622BE00043D8B /* RxCocoa */ = {
			isa = XCSwiftPackageProductDependency;
			package = AE9D2DA0290622BE00043D8B /* XCRemoteSwiftPackageReference "RxSwift" */;
			productName = RxCocoa;
		};
		AE9D2DA3290622BE00043D8B /* RxSwift */ = {
			isa = XCSwiftPackageProductDependency;
			package = AE9D2DA0290622BE00043D8B /* XCRemoteSwiftPackageReference "RxSwift" */;
			productName = RxSwift;
		};
/* End XCSwiftPackageProductDependency section */
	};
	rootObject = AE76950028FE2548007E51DA /* Project object */;
}
